
Microsoft Visual Studio Solution File, Format Version 12.00
# Visual Studio Version 16
VisualStudioVersion = 16.0.31624.102
MinimumVisualStudioVersion = 10.0.40219.1
Project("{FAE04EC0-301F-11D3-BF4B-00C04F79EFBC}") = "Formasmd", "Formasmd\Formasmd.csproj", "{BFE2BDCC-8044-46BF-9BB7-8A3B160D70F3}"
EndProject
Global
	GlobalSection(SolutionConfigurationPlatforms) = preSolution
		Debug|Any CPU = Debug|Any CPU
		Release|Any CPU = Release|Any CPU
	EndGlobalSection
	GlobalSection(ProjectConfigurationPlatforms) = postSolution
		{BFE2BDCC-8044-46BF-9BB7-8A3B160D70F3}.Debug|Any CPU.ActiveCfg = Debug|Any CPU
		{BFE2BDCC-8044-46BF-9BB7-8A3B160D70F3}.Debug|Any CPU.Build.0 = Debug|Any CPU
		{BFE2BDCC-8044-46BF-9BB7-8A3B160D70F3}.Release|Any CPU.ActiveCfg = Release|Any CPU
		{BFE2BDCC-8044-46BF-9BB7-8A3B160D70F3}.Release|Any CPU.Build.0 = Release|Any CPU
	EndGlobalSection
	GlobalSection(SolutionProperties) = preSolution
		HideSolutionNode = FALSE
	EndGlobalSection
	GlobalSection(ExtensibilityGlobals) = postSolution
		SolutionGuid = {9E1FD726-A51C-4BCD-9068-0437C52C55C2}
	EndGlobalSection
EndGlobal
